
Microsoft Visual Studio Solution File, Format Version 12.00
# Visual Studio 14
VisualStudioVersion = 14.0.24720.0
MinimumVisualStudioVersion = 10.0.40219.1
Project("{FAE04EC0-301F-11D3-BF4B-00C04F79EFBC}") = "Advanced", "Advanced\Advanced.csproj", "{CCBE9079-7B3E-499C-9208-0B9512EA6F1D}"
EndProject
Project("{FAE04EC0-301F-11D3-BF4B-00C04F79EFBC}") = "Delegates", "Delegates\Delegates.csproj", "{6251FA13-BEEC-4B19-9052-705EFA995C20}"
EndProject
Project("{FAE04EC0-301F-11D3-BF4B-00C04F79EFBC}") = "Lambda", "Lambda\Lambda.csproj", "{D2BBC83C-D4E9-450A-BB5F-5D82BAB277C0}"
EndProject
Project("{FAE04EC0-301F-11D3-BF4B-00C04F79EFBC}") = "Events", "Events\Events.csproj", "{3E26869D-9823-44F1-8B11-C17736FCF98C}"
EndProject
Project("{FAE04EC0-301F-11D3-BF4B-00C04F79EFBC}") = "ExtensionMethods", "ExtensionMethods\ExtensionMethods.csproj", "{977B433A-D5BF-4284-A1EB-5BF23C47AD48}"
EndProject
Project("{FAE04EC0-301F-11D3-BF4B-00C04F79EFBC}") = "LINQ", "LINQ\LINQ.csproj", "{93CE3986-CBA7-4A1D-BFE8-C6762014D465}"
EndProject
Global
	GlobalSection(SolutionConfigurationPlatforms) = preSolution
		Debug|Any CPU = Debug|Any CPU
		Release|Any CPU = Release|Any CPU
	EndGlobalSection
	GlobalSection(ProjectConfigurationPlatforms) = postSolution
		{CCBE9079-7B3E-499C-9208-0B9512EA6F1D}.Debug|Any CPU.ActiveCfg = Debug|Any CPU
		{CCBE9079-7B3E-499C-9208-0B9512EA6F1D}.Debug|Any CPU.Build.0 = Debug|Any CPU
		{CCBE9079-7B3E-499C-9208-0B9512EA6F1D}.Release|Any CPU.ActiveCfg = Release|Any CPU
		{CCBE9079-7B3E-499C-9208-0B9512EA6F1D}.Release|Any CPU.Build.0 = Release|Any CPU
		{6251FA13-BEEC-4B19-9052-705EFA995C20}.Debug|Any CPU.ActiveCfg = Debug|Any CPU
		{6251FA13-BEEC-4B19-9052-705EFA995C20}.Debug|Any CPU.Build.0 = Debug|Any CPU
		{6251FA13-BEEC-4B19-9052-705EFA995C20}.Release|Any CPU.ActiveCfg = Release|Any CPU
		{6251FA13-BEEC-4B19-9052-705EFA995C20}.Release|Any CPU.Build.0 = Release|Any CPU
		{D2BBC83C-D4E9-450A-BB5F-5D82BAB277C0}.Debug|Any CPU.ActiveCfg = Debug|Any CPU
		{D2BBC83C-D4E9-450A-BB5F-5D82BAB277C0}.Debug|Any CPU.Build.0 = Debug|Any CPU
		{D2BBC83C-D4E9-450A-BB5F-5D82BAB277C0}.Release|Any CPU.ActiveCfg = Release|Any CPU
		{D2BBC83C-D4E9-450A-BB5F-5D82BAB277C0}.Release|Any CPU.Build.0 = Release|Any CPU
		{3E26869D-9823-44F1-8B11-C17736FCF98C}.Debug|Any CPU.ActiveCfg = Debug|Any CPU
		{3E26869D-9823-44F1-8B11-C17736FCF98C}.Debug|Any CPU.Build.0 = Debug|Any CPU
		{3E26869D-9823-44F1-8B11-C17736FCF98C}.Release|Any CPU.ActiveCfg = Release|Any CPU
		{3E26869D-9823-44F1-8B11-C17736FCF98C}.Release|Any CPU.Build.0 = Release|Any CPU
		{977B433A-D5BF-4284-A1EB-5BF23C47AD48}.Debug|Any CPU.ActiveCfg = Debug|Any CPU
		{977B433A-D5BF-4284-A1EB-5BF23C47AD48}.Debug|Any CPU.Build.0 = Debug|Any CPU
		{977B433A-D5BF-4284-A1EB-5BF23C47AD48}.Release|Any CPU.ActiveCfg = Release|Any CPU
		{977B433A-D5BF-4284-A1EB-5BF23C47AD48}.Release|Any CPU.Build.0 = Release|Any CPU
		{93CE3986-CBA7-4A1D-BFE8-C6762014D465}.Debug|Any CPU.ActiveCfg = Debug|Any CPU
		{93CE3986-CBA7-4A1D-BFE8-C6762014D465}.Debug|Any CPU.Build.0 = Debug|Any CPU
		{93CE3986-CBA7-4A1D-BFE8-C6762014D465}.Release|Any CPU.ActiveCfg = Release|Any CPU
		{93CE3986-CBA7-4A1D-BFE8-C6762014D465}.Release|Any CPU.Build.0 = Release|Any CPU
	EndGlobalSection
	GlobalSection(SolutionProperties) = preSolution
		HideSolutionNode = FALSE
	EndGlobalSection
EndGlobal
